{
  "name": "tw5-yjs-submodules",
  "version": "1.0.0",
  "lockfileVersion": 1,
  "requires": true,
  "dependencies": {
    "isomorphic.js": {
      "version": "0.2.4",
      "resolved": "https://registry.npmjs.org/isomorphic.js/-/isomorphic.js-0.2.4.tgz",
      "integrity": "sha512-Y4NjZceAwaPXctwsHgNsmfuPxR8lJ3f8X7QTAkhltrX4oGIv+eTlgHLXn4tWysC9zGTi929gapnPp+8F8cg7nA=="
    },
    "lib0": {
      "version": "0.2.43",
      "resolved": "https://registry.npmjs.org/lib0/-/lib0-0.2.43.tgz",
      "integrity": "sha512-MJ1KLoz5p3gljIUBfdjjNuL/wlWHHK6+DrcIRhzSRLvtAu1XNdRtRGATYM51KSTI0P2nxJZFQM8rwCH6ga9KUw==",
      "requires": {
        "isomorphic.js": "^0.2.4"
      }
    },
    "y-indexeddb": {
      "version": "9.0.6",
      "resolved": "https://registry.npmjs.org/y-indexeddb/-/y-indexeddb-9.0.6.tgz",
      "integrity": "sha512-8mdCYdzZDWS2lGiB9Reaz67ZqvnV6EXH/F7L+TmBC+3mWjIBrPw4UcI79nOhEOh+y9lHXzNpSda4YJ06M13F1A==",
      "requires": {
        "lib0": "^0.2.35"
      }
    },
    "y-protocols": {
      "version": "1.0.5",
      "resolved": "https://registry.npmjs.org/y-protocols/-/y-protocols-1.0.5.tgz",
      "integrity": "sha512-Wil92b7cGk712lRHDqS4T90IczF6RkcvCwAD0A2OPg+adKmOe+nOiT/N2hvpQIWS3zfjmtL4CPaH5sIW1Hkm/A==",
      "requires": {
        "lib0": "^0.2.42"
      }
    },
    "yjs": {
      "version": "13.5.23",
      "resolved": "https://registry.npmjs.org/yjs/-/yjs-13.5.23.tgz",
      "integrity": "sha512-6FIERqyRmUsUXe8QmwiNuPMPuN/IBIpy/748zvVghcwQICFnpXdrIqpvewVN3bf6G1a677wqCtgkbxQvcDPD5w==",
      "requires": {
        "lib0": "^0.2.43"
      }
    }
  }
}
